
Microsoft Visual Studio Solution File, Format Version 12.00
# Visual Studio 15
VisualStudioVersion = 15.0.28010.2016
MinimumVisualStudioVersion = 10.0.40219.1
Project("{FAE04EC0-301F-11D3-BF4B-00C04F79EFBC}") = "TorreHanoi", "TorreHanoi\TorreHanoi.csproj", "{F4DB127E-4093-4CE5-B21F-E62D83AE34E8}"
EndProject
Global
	GlobalSection(SolutionConfigurationPlatforms) = preSolution
		Debug|Any CPU = Debug|Any CPU
		Release|Any CPU = Release|Any CPU
	EndGlobalSection
	GlobalSection(ProjectConfigurationPlatforms) = postSolution
		{F4DB127E-4093-4CE5-B21F-E62D83AE34E8}.Debug|Any CPU.ActiveCfg = Debug|Any CPU
		{F4DB127E-4093-4CE5-B21F-E62D83AE34E8}.Debug|Any CPU.Build.0 = Debug|Any CPU
		{F4DB127E-4093-4CE5-B21F-E62D83AE34E8}.Release|Any CPU.ActiveCfg = Release|Any CPU
		{F4DB127E-4093-4CE5-B21F-E62D83AE34E8}.Release|Any CPU.Build.0 = Release|Any CPU
	EndGlobalSection
	GlobalSection(SolutionProperties) = preSolution
		HideSolutionNode = FALSE
	EndGlobalSection
	GlobalSection(ExtensibilityGlobals) = postSolution
		SolutionGuid = {2350D6F2-103B-4C45-8A6C-DEBE05D0C50C}
	EndGlobalSection
EndGlobal
